
Microsoft Visual Studio Solution File, Format Version 12.00
# Visual Studio Version 17
VisualStudioVersion = 17.3.32929.385
MinimumVisualStudioVersion = 10.0.40219.1
Project("{2150E333-8FDC-42A3-9474-1A3956D46DE8}") = "BookingService", "BookingService", "{54517348-BE1E-42E4-94FB-BF98FCB481A3}"
EndProject
Project("{2150E333-8FDC-42A3-9474-1A3956D46DE8}") = "PaymentService", "PaymentService", "{0DE72830-EDE7-40B3-AB64-E4B3F41E46AE}"
EndProject
Project("{2150E333-8FDC-42A3-9474-1A3956D46DE8}") = "Adapters", "Adapters", "{B2D8608A-DE23-4137-A945-41D95876E817}"
EndProject
Project("{2150E333-8FDC-42A3-9474-1A3956D46DE8}") = "Consumers", "Consumers", "{EDFD99BB-EC45-4BC5-B937-2B80F415B545}"
EndProject
Project("{2150E333-8FDC-42A3-9474-1A3956D46DE8}") = "Core", "Core", "{94155863-6528-4DD5-90ED-CB87C650A7EA}"
EndProject
Project("{2150E333-8FDC-42A3-9474-1A3956D46DE8}") = "Tests", "Tests", "{E521BE2D-F7A0-4C9D-9755-DC5D15CE12C7}"
EndProject
Project("{9A19103F-16F7-4668-BE54-9A1E7A4F7556}") = "Data", "BookingService\Adapters\Data\Data.csproj", "{49E3523B-D562-4ED4-825D-9E4DA85EC923}"
EndProject
Project("{9A19103F-16F7-4668-BE54-9A1E7A4F7556}") = "API", "BookingService\Consumers\API\API.csproj", "{DC503E4C-A7B2-40A4-91AF-C41C04BE113A}"
EndProject
Project("{2150E333-8FDC-42A3-9474-1A3956D46DE8}") = "Domain", "Domain", "{709833F2-3076-4710-9E1E-7C864A58B3BA}"
EndProject
Project("{2150E333-8FDC-42A3-9474-1A3956D46DE8}") = "Application", "Application", "{F0873FC5-EEC6-4EF5-8D13-2F92D099F3FD}"
EndProject
Project("{9A19103F-16F7-4668-BE54-9A1E7A4F7556}") = "Application", "BookingService\Core\Application\Application.csproj", "{304EB23F-36CE-40AA-B9E3-15229A971DF6}"
EndProject
Project("{9A19103F-16F7-4668-BE54-9A1E7A4F7556}") = "Domain", "BookingService\Core\Domain\Domain.csproj", "{BD093FA3-9615-4705-BBB1-2048C206A726}"
EndProject
Project("{2150E333-8FDC-42A3-9474-1A3956D46DE8}") = "AdaptersTests", "AdaptersTests", "{2D7E316E-D8DB-4467-A8F4-F8DADF63C60A}"
EndProject
Project("{2150E333-8FDC-42A3-9474-1A3956D46DE8}") = "ApplicationTests", "ApplicationTests", "{457C55F0-AC5B-4FAA-8A87-52B9B83FAC64}"
EndProject
Project("{2150E333-8FDC-42A3-9474-1A3956D46DE8}") = "DomainTests", "DomainTests", "{F8E1CD6F-17EC-4793-90F1-3CAF2D0AD543}"
EndProject
Project("{9A19103F-16F7-4668-BE54-9A1E7A4F7556}") = "AdaptersTests", "BookingService\Tests\AdaptersTests\AdaptersTests.csproj", "{F9F3C1D4-C5C1-4B46-B291-7C77B27660FB}"
EndProject
Project("{9A19103F-16F7-4668-BE54-9A1E7A4F7556}") = "ApplicationTests", "BookingService\Tests\ApplicationTests\ApplicationTests.csproj", "{DF901493-043F-4E02-AE3D-50742329D4FF}"
EndProject
Project("{9A19103F-16F7-4668-BE54-9A1E7A4F7556}") = "DomainTests", "BookingService\Tests\DomainTests\DomainTests.csproj", "{6E752F3C-6ED0-4185-B7B8-0B7D11F576C0}"
EndProject
Project("{2150E333-8FDC-42A3-9474-1A3956D46DE8}") = "Core", "Core", "{493336DB-560C-42DA-AA5E-712471618B15}"
EndProject
Project("{2150E333-8FDC-42A3-9474-1A3956D46DE8}") = "Application", "Application", "{FCE08C54-C95A-44F8-AEB6-7DB5A033BCF8}"
EndProject
Project("{FAE04EC0-301F-11D3-BF4B-00C04F79EFBC}") = "Payment.Application", "PaymentService\Core\Payment.Application\Payment.Application.csproj", "{18148157-8E0C-465B-B6A7-814D72E55F4F}"
EndProject
Project("{2150E333-8FDC-42A3-9474-1A3956D46DE8}") = "Tests", "Tests", "{1444C0F1-17B2-4A7E-895A-827474CD9F91}"
EndProject
Project("{FAE04EC0-301F-11D3-BF4B-00C04F79EFBC}") = "Payments.UnitTests", "PaymentService\Tests\Payments.UnitTests\Payments.UnitTests.csproj", "{AE3A6EC3-F1FC-493A-9A9D-9AF3930CE7AF}"
EndProject
Global
	GlobalSection(SolutionConfigurationPlatforms) = preSolution
		Debug|Any CPU = Debug|Any CPU
		Release|Any CPU = Release|Any CPU
	EndGlobalSection
	GlobalSection(ProjectConfigurationPlatforms) = postSolution
		{49E3523B-D562-4ED4-825D-9E4DA85EC923}.Debug|Any CPU.ActiveCfg = Debug|Any CPU
		{49E3523B-D562-4ED4-825D-9E4DA85EC923}.Debug|Any CPU.Build.0 = Debug|Any CPU
		{49E3523B-D562-4ED4-825D-9E4DA85EC923}.Release|Any CPU.ActiveCfg = Release|Any CPU
		{49E3523B-D562-4ED4-825D-9E4DA85EC923}.Release|Any CPU.Build.0 = Release|Any CPU
		{DC503E4C-A7B2-40A4-91AF-C41C04BE113A}.Debug|Any CPU.ActiveCfg = Debug|Any CPU
		{DC503E4C-A7B2-40A4-91AF-C41C04BE113A}.Debug|Any CPU.Build.0 = Debug|Any CPU
		{DC503E4C-A7B2-40A4-91AF-C41C04BE113A}.Release|Any CPU.ActiveCfg = Release|Any CPU
		{DC503E4C-A7B2-40A4-91AF-C41C04BE113A}.Release|Any CPU.Build.0 = Release|Any CPU
		{304EB23F-36CE-40AA-B9E3-15229A971DF6}.Debug|Any CPU.ActiveCfg = Debug|Any CPU
		{304EB23F-36CE-40AA-B9E3-15229A971DF6}.Debug|Any CPU.Build.0 = Debug|Any CPU
		{304EB23F-36CE-40AA-B9E3-15229A971DF6}.Release|Any CPU.ActiveCfg = Release|Any CPU
		{304EB23F-36CE-40AA-B9E3-15229A971DF6}.Release|Any CPU.Build.0 = Release|Any CPU
		{BD093FA3-9615-4705-BBB1-2048C206A726}.Debug|Any CPU.ActiveCfg = Debug|Any CPU
		{BD093FA3-9615-4705-BBB1-2048C206A726}.Debug|Any CPU.Build.0 = Debug|Any CPU
		{BD093FA3-9615-4705-BBB1-2048C206A726}.Release|Any CPU.ActiveCfg = Release|Any CPU
		{BD093FA3-9615-4705-BBB1-2048C206A726}.Release|Any CPU.Build.0 = Release|Any CPU
		{F9F3C1D4-C5C1-4B46-B291-7C77B27660FB}.Debug|Any CPU.ActiveCfg = Debug|Any CPU
		{F9F3C1D4-C5C1-4B46-B291-7C77B27660FB}.Debug|Any CPU.Build.0 = Debug|Any CPU
		{F9F3C1D4-C5C1-4B46-B291-7C77B27660FB}.Release|Any CPU.ActiveCfg = Release|Any CPU
		{F9F3C1D4-C5C1-4B46-B291-7C77B27660FB}.Release|Any CPU.Build.0 = Release|Any CPU
		{DF901493-043F-4E02-AE3D-50742329D4FF}.Debug|Any CPU.ActiveCfg = Debug|Any CPU
		{DF901493-043F-4E02-AE3D-50742329D4FF}.Debug|Any CPU.Build.0 = Debug|Any CPU
		{DF901493-043F-4E02-AE3D-50742329D4FF}.Release|Any CPU.ActiveCfg = Release|Any CPU
		{DF901493-043F-4E02-AE3D-50742329D4FF}.Release|Any CPU.Build.0 = Release|Any CPU
		{6E752F3C-6ED0-4185-B7B8-0B7D11F576C0}.Debug|Any CPU.ActiveCfg = Debug|Any CPU
		{6E752F3C-6ED0-4185-B7B8-0B7D11F576C0}.Debug|Any CPU.Build.0 = Debug|Any CPU
		{6E752F3C-6ED0-4185-B7B8-0B7D11F576C0}.Release|Any CPU.ActiveCfg = Release|Any CPU
		{6E752F3C-6ED0-4185-B7B8-0B7D11F576C0}.Release|Any CPU.Build.0 = Release|Any CPU
		{18148157-8E0C-465B-B6A7-814D72E55F4F}.Debug|Any CPU.ActiveCfg = Debug|Any CPU
		{18148157-8E0C-465B-B6A7-814D72E55F4F}.Debug|Any CPU.Build.0 = Debug|Any CPU
		{18148157-8E0C-465B-B6A7-814D72E55F4F}.Release|Any CPU.ActiveCfg = Release|Any CPU
		{18148157-8E0C-465B-B6A7-814D72E55F4F}.Release|Any CPU.Build.0 = Release|Any CPU
		{AE3A6EC3-F1FC-493A-9A9D-9AF3930CE7AF}.Debug|Any CPU.ActiveCfg = Debug|Any CPU
		{AE3A6EC3-F1FC-493A-9A9D-9AF3930CE7AF}.Debug|Any CPU.Build.0 = Debug|Any CPU
		{AE3A6EC3-F1FC-493A-9A9D-9AF3930CE7AF}.Release|Any CPU.ActiveCfg = Release|Any CPU
		{AE3A6EC3-F1FC-493A-9A9D-9AF3930CE7AF}.Release|Any CPU.Build.0 = Release|Any CPU
	EndGlobalSection
	GlobalSection(SolutionProperties) = preSolution
		HideSolutionNode = FALSE
	EndGlobalSection
	GlobalSection(NestedProjects) = preSolution
		{B2D8608A-DE23-4137-A945-41D95876E817} = {54517348-BE1E-42E4-94FB-BF98FCB481A3}
		{EDFD99BB-EC45-4BC5-B937-2B80F415B545} = {54517348-BE1E-42E4-94FB-BF98FCB481A3}
		{94155863-6528-4DD5-90ED-CB87C650A7EA} = {54517348-BE1E-42E4-94FB-BF98FCB481A3}
		{E521BE2D-F7A0-4C9D-9755-DC5D15CE12C7} = {54517348-BE1E-42E4-94FB-BF98FCB481A3}
		{49E3523B-D562-4ED4-825D-9E4DA85EC923} = {B2D8608A-DE23-4137-A945-41D95876E817}
		{DC503E4C-A7B2-40A4-91AF-C41C04BE113A} = {EDFD99BB-EC45-4BC5-B937-2B80F415B545}
		{709833F2-3076-4710-9E1E-7C864A58B3BA} = {94155863-6528-4DD5-90ED-CB87C650A7EA}
		{F0873FC5-EEC6-4EF5-8D13-2F92D099F3FD} = {94155863-6528-4DD5-90ED-CB87C650A7EA}
		{304EB23F-36CE-40AA-B9E3-15229A971DF6} = {F0873FC5-EEC6-4EF5-8D13-2F92D099F3FD}
		{BD093FA3-9615-4705-BBB1-2048C206A726} = {709833F2-3076-4710-9E1E-7C864A58B3BA}
		{2D7E316E-D8DB-4467-A8F4-F8DADF63C60A} = {E521BE2D-F7A0-4C9D-9755-DC5D15CE12C7}
		{457C55F0-AC5B-4FAA-8A87-52B9B83FAC64} = {E521BE2D-F7A0-4C9D-9755-DC5D15CE12C7}
		{F8E1CD6F-17EC-4793-90F1-3CAF2D0AD543} = {E521BE2D-F7A0-4C9D-9755-DC5D15CE12C7}
		{F9F3C1D4-C5C1-4B46-B291-7C77B27660FB} = {2D7E316E-D8DB-4467-A8F4-F8DADF63C60A}
		{DF901493-043F-4E02-AE3D-50742329D4FF} = {457C55F0-AC5B-4FAA-8A87-52B9B83FAC64}
		{6E752F3C-6ED0-4185-B7B8-0B7D11F576C0} = {F8E1CD6F-17EC-4793-90F1-3CAF2D0AD543}
		{493336DB-560C-42DA-AA5E-712471618B15} = {0DE72830-EDE7-40B3-AB64-E4B3F41E46AE}
		{FCE08C54-C95A-44F8-AEB6-7DB5A033BCF8} = {493336DB-560C-42DA-AA5E-712471618B15}
		{18148157-8E0C-465B-B6A7-814D72E55F4F} = {FCE08C54-C95A-44F8-AEB6-7DB5A033BCF8}
		{1444C0F1-17B2-4A7E-895A-827474CD9F91} = {0DE72830-EDE7-40B3-AB64-E4B3F41E46AE}
		{AE3A6EC3-F1FC-493A-9A9D-9AF3930CE7AF} = {1444C0F1-17B2-4A7E-895A-827474CD9F91}
	EndGlobalSection
	GlobalSection(ExtensibilityGlobals) = postSolution
		SolutionGuid = {4C1E7383-6AE0-4C11-B7B8-292724837B89}
	EndGlobalSection
EndGlobal
